
Microsoft Visual Studio Solution File, Format Version 11.00
# Visual Studio 2010
Project("{FAE04EC0-301F-11D3-BF4B-00C04F79EFBC}") = "Assembly-CSharp", "Assembly-CSharp.csproj", "{0ef0eea8-d991-5f9b-3acc-db8f299713f2}"
EndProject
Project("{FAE04EC0-301F-11D3-BF4B-00C04F79EFBC}") = "Assembly-CSharp-Editor", "Assembly-CSharp-Editor.csproj", "{9d5f58e8-9e04-f822-db9f-c2c78226fcea}"
EndProject
Global
	GlobalSection(SolutionConfigurationPlatforms) = preSolution
		Debug|Any CPU = Debug|Any CPU
	EndGlobalSection
	GlobalSection(ProjectConfigurationPlatforms) = postSolution
		{0ef0eea8-d991-5f9b-3acc-db8f299713f2}.Debug|Any CPU.ActiveCfg = Debug|Any CPU
		{0ef0eea8-d991-5f9b-3acc-db8f299713f2}.Debug|Any CPU.Build.0 = Debug|Any CPU
		{9d5f58e8-9e04-f822-db9f-c2c78226fcea}.Debug|Any CPU.ActiveCfg = Debug|Any CPU
		{9d5f58e8-9e04-f822-db9f-c2c78226fcea}.Debug|Any CPU.Build.0 = Debug|Any CPU
	EndGlobalSection
	GlobalSection(SolutionProperties) = preSolution
		HideSolutionNode = FALSE
	EndGlobalSection
EndGlobal
